// !$*UTF8*$!
{
	archiveVersion = 1;
	classes = {
	};
	objectVersion = 52;
	objects = {

/* Begin PBXBuildFile section */
		466CDD7925E48FE300950597 /* AuthenticationViewModel.swift in Sources */ = {isa = PBXBuildFile; fileRef = 466CDD7825E48FE300950597 /* AuthenticationViewModel.swift */; };
		466CDD7C25E4977A00950597 /* UserService.swift in Sources */ = {isa = PBXBuildFile; fileRef = 466CDD7B25E4977A00950597 /* UserService.swift */; };
		466CDD7F25E4DEA600950597 /* PostService.swift in Sources */ = {isa = PBXBuildFile; fileRef = 466CDD7E25E4DEA600950597 /* PostService.swift */; };
		466CDD8225E4E06600950597 /* Post.swift in Sources */ = {isa = PBXBuildFile; fileRef = 466CDD8125E4E06600950597 /* Post.swift */; };
		466CDD8925E5203B00950597 /* PostDetailViewController.swift in Sources */ = {isa = PBXBuildFile; fileRef = 466CDD8825E5203B00950597 /* PostDetailViewController.swift */; };
		466CDDEE25E6116D00950597 /* Comment.swift in Sources */ = {isa = PBXBuildFile; fileRef = 466CDDED25E6116D00950597 /* Comment.swift */; };
		466CDDF125E6128C00950597 /* CommnetService.swift in Sources */ = {isa = PBXBuildFile; fileRef = 466CDDF025E6128C00950597 /* CommnetService.swift */; };
		466CDDF425E6363200950597 /* PostViewModel.swift in Sources */ = {isa = PBXBuildFile; fileRef = 466CDDF325E6363200950597 /* PostViewModel.swift */; };
		466CDDF825E641D400950597 /* BetterSegmentedControl in Frameworks */ = {isa = PBXBuildFile; productRef = 466CDDF725E641D400950597 /* BetterSegmentedControl */; };
		466CDDFB25E66EE300950597 /* CommentViewModel.swift in Sources */ = {isa = PBXBuildFile; fileRef = 466CDDFA25E66EE300950597 /* CommentViewModel.swift */; };
		466CDDFE25E67EA500950597 /* MyPostListViewController.swift in Sources */ = {isa = PBXBuildFile; fileRef = 466CDDFD25E67EA500950597 /* MyPostListViewController.swift */; };
		467ECE0725DD439500F73A3D /* AppDelegate.swift in Sources */ = {isa = PBXBuildFile; fileRef = 467ECE0625DD439500F73A3D /* AppDelegate.swift */; };
		467ECE0925DD439500F73A3D /* SceneDelegate.swift in Sources */ = {isa = PBXBuildFile; fileRef = 467ECE0825DD439500F73A3D /* SceneDelegate.swift */; };
		467ECE0B25DD439500F73A3D /* ViewController.swift in Sources */ = {isa = PBXBuildFile; fileRef = 467ECE0A25DD439500F73A3D /* ViewController.swift */; };
		467ECE0E25DD439500F73A3D /* Main.storyboard in Resources */ = {isa = PBXBuildFile; fileRef = 467ECE0C25DD439500F73A3D /* Main.storyboard */; };
		467ECE1025DD439C00F73A3D /* Assets.xcassets in Resources */ = {isa = PBXBuildFile; fileRef = 467ECE0F25DD439C00F73A3D /* Assets.xcassets */; };
		467ECE1325DD439C00F73A3D /* LaunchScreen.storyboard in Resources */ = {isa = PBXBuildFile; fileRef = 467ECE1125DD439C00F73A3D /* LaunchScreen.storyboard */; };
		467ECE1C25DD443400F73A3D /* MainTabController.swift in Sources */ = {isa = PBXBuildFile; fileRef = 467ECE1B25DD443400F73A3D /* MainTabController.swift */; };
		467ECE4A25DD45BC00F73A3D /* Extensions.swift in Sources */ = {isa = PBXBuildFile; fileRef = 467ECE4925DD45BC00F73A3D /* Extensions.swift */; };
		467ECE4F25DD49BB00F73A3D /* FeedController.swift in Sources */ = {isa = PBXBuildFile; fileRef = 467ECE4E25DD49BB00F73A3D /* FeedController.swift */; };
		467ECE5225DD4B9300F73A3D /* WriteController.swift in Sources */ = {isa = PBXBuildFile; fileRef = 467ECE5125DD4B9300F73A3D /* WriteController.swift */; };
		467ECE5525DD4BE100F73A3D /* ProfileController.swift in Sources */ = {isa = PBXBuildFile; fileRef = 467ECE5425DD4BE100F73A3D /* ProfileController.swift */; };
		467ECE5A25DD4D5600F73A3D /* GoogleService-Info.plist in Resources */ = {isa = PBXBuildFile; fileRef = 467ECE5925DD4D5600F73A3D /* GoogleService-Info.plist */; };
		467ECE5E25DD503D00F73A3D /* FeedCell.swift in Sources */ = {isa = PBXBuildFile; fileRef = 467ECE5D25DD503D00F73A3D /* FeedCell.swift */; };
		467ECE8525DE45F400F73A3D /* CustomTextField.swift in Sources */ = {isa = PBXBuildFile; fileRef = 467ECE8425DE45F400F73A3D /* CustomTextField.swift */; };
		467ECE8A25DE4C4100F73A3D /* IQKeyboardManagerSwift in Frameworks */ = {isa = PBXBuildFile; productRef = 467ECE8925DE4C4100F73A3D /* IQKeyboardManagerSwift */; };
		467ECE8D25DE5B2900F73A3D /* riot.txt in Resources */ = {isa = PBXBuildFile; fileRef = 467ECE8C25DE5B2900F73A3D /* riot.txt */; };
		467ECE9125DE7C9200F73A3D /* ProfileCommentCell.swift in Sources */ = {isa = PBXBuildFile; fileRef = 467ECE9025DE7C9200F73A3D /* ProfileCommentCell.swift */; };
		467ECE9525DE8A5C00F73A3D /* LoginController.swift in Sources */ = {isa = PBXBuildFile; fileRef = 467ECE9425DE8A5C00F73A3D /* LoginController.swift */; };
		467ECE9A25DE973000F73A3D /* RegistrationController.swift in Sources */ = {isa = PBXBuildFile; fileRef = 467ECE9925DE973000F73A3D /* RegistrationController.swift */; };
		467ECE9E25DE9B1000F73A3D /* User.swift in Sources */ = {isa = PBXBuildFile; fileRef = 467ECE9D25DE9B1000F73A3D /* User.swift */; };
		467ECEA225DE9BA800F73A3D /* AuthService.swift in Sources */ = {isa = PBXBuildFile; fileRef = 467ECEA125DE9BA800F73A3D /* AuthService.swift */; };
		467ECEA525DE9D1C00F73A3D /* Constants.swift in Sources */ = {isa = PBXBuildFile; fileRef = 467ECEA425DE9D1C00F73A3D /* Constants.swift */; };
		9C4906AE729E149D1ED798D7 /* Pods_FantasticDuo.framework in Frameworks */ = {isa = PBXBuildFile; fileRef = BF0231D7BF6E0D4C05E9CBAA /* Pods_FantasticDuo.framework */; };
/* End PBXBuildFile section */

/* Begin PBXFileReference section */
		466CDD7825E48FE300950597 /* AuthenticationViewModel.swift */ = {isa = PBXFileReference; lastKnownFileType = sourcecode.swift; path = AuthenticationViewModel.swift; sourceTree = "<group>"; };
		466CDD7B25E4977A00950597 /* UserService.swift */ = {isa = PBXFileReference; lastKnownFileType = sourcecode.swift; path = UserService.swift; sourceTree = "<group>"; };
		466CDD7E25E4DEA600950597 /* PostService.swift */ = {isa = PBXFileReference; lastKnownFileType = sourcecode.swift; path = PostService.swift; sourceTree = "<group>"; };
		466CDD8125E4E06600950597 /* Post.swift */ = {isa = PBXFileReference; lastKnownFileType = sourcecode.swift; path = Post.swift; sourceTree = "<group>"; };
		466CDD8825E5203B00950597 /* PostDetailViewController.swift */ = {isa = PBXFileReference; lastKnownFileType = sourcecode.swift; path = PostDetailViewController.swift; sourceTree = "<group>"; };
		466CDDED25E6116D00950597 /* Comment.swift */ = {isa = PBXFileReference; lastKnownFileType = sourcecode.swift; path = Comment.swift; sourceTree = "<group>"; };
		466CDDF025E6128C00950597 /* CommnetService.swift */ = {isa = PBXFileReference; lastKnownFileType = sourcecode.swift; path = CommnetService.swift; sourceTree = "<group>"; };
		466CDDF325E6363200950597 /* PostViewModel.swift */ = {isa = PBXFileReference; lastKnownFileType = sourcecode.swift; path = PostViewModel.swift; sourceTree = "<group>"; };
		466CDDFA25E66EE300950597 /* CommentViewModel.swift */ = {isa = PBXFileReference; lastKnownFileType = sourcecode.swift; path = CommentViewModel.swift; sourceTree = "<group>"; };
		466CDDFD25E67EA500950597 /* MyPostListViewController.swift */ = {isa = PBXFileReference; lastKnownFileType = sourcecode.swift; path = MyPostListViewController.swift; sourceTree = "<group>"; };
		467ECE0325DD439500F73A3D /* FantasticDuo.app */ = {isa = PBXFileReference; explicitFileType = wrapper.application; includeInIndex = 0; path = FantasticDuo.app; sourceTree = BUILT_PRODUCTS_DIR; };
		467ECE0625DD439500F73A3D /* AppDelegate.swift */ = {isa = PBXFileReference; lastKnownFileType = sourcecode.swift; path = AppDelegate.swift; sourceTree = "<group>"; };
		467ECE0825DD439500F73A3D /* SceneDelegate.swift */ = {isa = PBXFileReference; lastKnownFileType = sourcecode.swift; path = SceneDelegate.swift; sourceTree = "<group>"; };
		467ECE0A25DD439500F73A3D /* ViewController.swift */ = {isa = PBXFileReference; lastKnownFileType = sourcecode.swift; path = ViewController.swift; sourceTree = "<group>"; };
		467ECE0D25DD439500F73A3D /* Base */ = {isa = PBXFileReference; lastKnownFileType = file.storyboard; name = Base; path = Base.lproj/Main.storyboard; sourceTree = "<group>"; };
		467ECE0F25DD439C00F73A3D /* Assets.xcassets */ = {isa = PBXFileReference; lastKnownFileType = folder.assetcatalog; path = Assets.xcassets; sourceTree = "<group>"; };
		467ECE1225DD439C00F73A3D /* Base */ = {isa = PBXFileReference; lastKnownFileType = file.storyboard; name = Base; path = Base.lproj/LaunchScreen.storyboard; sourceTree = "<group>"; };
		467ECE1425DD439C00F73A3D /* Info.plist */ = {isa = PBXFileReference; lastKnownFileType = text.plist.xml; path = Info.plist; sourceTree = "<group>"; };
		467ECE1B25DD443400F73A3D /* MainTabController.swift */ = {isa = PBXFileReference; lastKnownFileType = sourcecode.swift; path = MainTabController.swift; sourceTree = "<group>"; };
		467ECE4925DD45BC00F73A3D /* Extensions.swift */ = {isa = PBXFileReference; lastKnownFileType = sourcecode.swift; path = Extensions.swift; sourceTree = "<group>"; };
		467ECE4E25DD49BB00F73A3D /* FeedController.swift */ = {isa = PBXFileReference; lastKnownFileType = sourcecode.swift; path = FeedController.swift; sourceTree = "<group>"; };
		467ECE5125DD4B9300F73A3D /* WriteController.swift */ = {isa = PBXFileReference; lastKnownFileType = sourcecode.swift; path = WriteController.swift; sourceTree = "<group>"; };
		467ECE5425DD4BE100F73A3D /* ProfileController.swift */ = {isa = PBXFileReference; lastKnownFileType = sourcecode.swift; path = ProfileController.swift; sourceTree = "<group>"; };
		467ECE5925DD4D5600F73A3D /* GoogleService-Info.plist */ = {isa = PBXFileReference; fileEncoding = 4; lastKnownFileType = text.plist.xml; path = "GoogleService-Info.plist"; sourceTree = "<group>"; };
		467ECE5D25DD503D00F73A3D /* FeedCell.swift */ = {isa = PBXFileReference; lastKnownFileType = sourcecode.swift; path = FeedCell.swift; sourceTree = "<group>"; };
		467ECE8425DE45F400F73A3D /* CustomTextField.swift */ = {isa = PBXFileReference; lastKnownFileType = sourcecode.swift; path = CustomTextField.swift; sourceTree = "<group>"; };
		467ECE8C25DE5B2900F73A3D /* riot.txt */ = {isa = PBXFileReference; lastKnownFileType = text; path = riot.txt; sourceTree = "<group>"; };
		467ECE9025DE7C9200F73A3D /* ProfileCommentCell.swift */ = {isa = PBXFileReference; lastKnownFileType = sourcecode.swift; path = ProfileCommentCell.swift; sourceTree = "<group>"; };
		467ECE9425DE8A5C00F73A3D /* LoginController.swift */ = {isa = PBXFileReference; lastKnownFileType = sourcecode.swift; path = LoginController.swift; sourceTree = "<group>"; };
		467ECE9725DE94E900F73A3D /* FantasticDuo.entitlements */ = {isa = PBXFileReference; lastKnownFileType = text.plist.entitlements; path = FantasticDuo.entitlements; sourceTree = "<group>"; };
		467ECE9925DE973000F73A3D /* RegistrationController.swift */ = {isa = PBXFileReference; lastKnownFileType = sourcecode.swift; path = RegistrationController.swift; sourceTree = "<group>"; };
		467ECE9D25DE9B1000F73A3D /* User.swift */ = {isa = PBXFileReference; lastKnownFileType = sourcecode.swift; path = User.swift; sourceTree = "<group>"; };
		467ECEA125DE9BA800F73A3D /* AuthService.swift */ = {isa = PBXFileReference; lastKnownFileType = sourcecode.swift; path = AuthService.swift; sourceTree = "<group>"; };
		467ECEA425DE9D1C00F73A3D /* Constants.swift */ = {isa = PBXFileReference; lastKnownFileType = sourcecode.swift; path = Constants.swift; sourceTree = "<group>"; };
		5633152C88D1140DD7016BDC /* Pods-FantasticDuo.release.xcconfig */ = {isa = PBXFileReference; includeInIndex = 1; lastKnownFileType = text.xcconfig; name = "Pods-FantasticDuo.release.xcconfig"; path = "Target Support Files/Pods-FantasticDuo/Pods-FantasticDuo.release.xcconfig"; sourceTree = "<group>"; };
		BF0231D7BF6E0D4C05E9CBAA /* Pods_FantasticDuo.framework */ = {isa = PBXFileReference; explicitFileType = wrapper.framework; includeInIndex = 0; path = Pods_FantasticDuo.framework; sourceTree = BUILT_PRODUCTS_DIR; };
		DB58062EF1CC2A2D4BB9F960 /* Pods-FantasticDuo.debug.xcconfig */ = {isa = PBXFileReference; includeInIndex = 1; lastKnownFileType = text.xcconfig; name = "Pods-FantasticDuo.debug.xcconfig"; path = "Target Support Files/Pods-FantasticDuo/Pods-FantasticDuo.debug.xcconfig"; sourceTree = "<group>"; };
/* End PBXFileReference section */

/* Begin PBXFrameworksBuildPhase section */
		467ECE0025DD439500F73A3D /* Frameworks */ = {
			isa = PBXFrameworksBuildPhase;
			buildActionMask = 2147483647;
			files = (
				9C4906AE729E149D1ED798D7 /* Pods_FantasticDuo.framework in Frameworks */,
				467ECE8A25DE4C4100F73A3D /* IQKeyboardManagerSwift in Frameworks */,
				466CDDF825E641D400950597 /* BetterSegmentedControl in Frameworks */,
			);
			runOnlyForDeploymentPostprocessing = 0;
		};
/* End PBXFrameworksBuildPhase section */

/* Begin PBXGroup section */
		45191CC7FACC44799508090B /* Pods */ = {
			isa = PBXGroup;
			children = (
				DB58062EF1CC2A2D4BB9F960 /* Pods-FantasticDuo.debug.xcconfig */,
				5633152C88D1140DD7016BDC /* Pods-FantasticDuo.release.xcconfig */,
			);
			path = Pods;
			sourceTree = "<group>";
		};
		466CDD7725E48FD000950597 /* ViewModel */ = {
			isa = PBXGroup;
			children = (
				466CDD7825E48FE300950597 /* AuthenticationViewModel.swift */,
				466CDDF325E6363200950597 /* PostViewModel.swift */,
				466CDDFA25E66EE300950597 /* CommentViewModel.swift */,
			);
			path = ViewModel;
			sourceTree = "<group>";
		};
		467ECDFA25DD439500F73A3D = {
			isa = PBXGroup;
			children = (
				467ECE0525DD439500F73A3D /* FantasticDuo */,
				467ECE0425DD439500F73A3D /* Products */,
				45191CC7FACC44799508090B /* Pods */,
				D2658C2CE30FCB4ABFE13A23 /* Frameworks */,
			);
			sourceTree = "<group>";
		};
		467ECE0425DD439500F73A3D /* Products */ = {
			isa = PBXGroup;
			children = (
				467ECE0325DD439500F73A3D /* FantasticDuo.app */,
			);
			name = Products;
			sourceTree = "<group>";
		};
		467ECE0525DD439500F73A3D /* FantasticDuo */ = {
			isa = PBXGroup;
			children = (
				466CDD7725E48FD000950597 /* ViewModel */,
				467ECEA025DE9B9200F73A3D /* API */,
				467ECE9C25DE9B0500F73A3D /* Model */,
				467ECE9725DE94E900F73A3D /* FantasticDuo.entitlements */,
				467ECE8C25DE5B2900F73A3D /* riot.txt */,
				467ECE5C25DD503300F73A3D /* View */,
				467ECE4C25DD460900F73A3D /* Controller */,
				467ECE4625DD45AA00F73A3D /* Utils */,
				467ECE0625DD439500F73A3D /* AppDelegate.swift */,
				467ECE0825DD439500F73A3D /* SceneDelegate.swift */,
				467ECE0A25DD439500F73A3D /* ViewController.swift */,
				467ECE0C25DD439500F73A3D /* Main.storyboard */,
				467ECE0F25DD439C00F73A3D /* Assets.xcassets */,
				467ECE1125DD439C00F73A3D /* LaunchScreen.storyboard */,
				467ECE1425DD439C00F73A3D /* Info.plist */,
				467ECE5925DD4D5600F73A3D /* GoogleService-Info.plist */,
			);
			path = FantasticDuo;
			sourceTree = "<group>";
		};
		467ECE4625DD45AA00F73A3D /* Utils */ = {
			isa = PBXGroup;
			children = (
				467ECE4925DD45BC00F73A3D /* Extensions.swift */,
				467ECEA425DE9D1C00F73A3D /* Constants.swift */,
			);
			path = Utils;
			sourceTree = "<group>";
		};
		467ECE4C25DD460900F73A3D /* Controller */ = {
			isa = PBXGroup;
			children = (
				467ECE1B25DD443400F73A3D /* MainTabController.swift */,
				467ECE4E25DD49BB00F73A3D /* FeedController.swift */,
				467ECE5125DD4B9300F73A3D /* WriteController.swift */,
				467ECE5425DD4BE100F73A3D /* ProfileController.swift */,
				467ECE9425DE8A5C00F73A3D /* LoginController.swift */,
				467ECE9925DE973000F73A3D /* RegistrationController.swift */,
				466CDD8825E5203B00950597 /* PostDetailViewController.swift */,
				466CDDFD25E67EA500950597 /* MyPostListViewController.swift */,
			);
			path = Controller;
			sourceTree = "<group>";
		};
		467ECE5C25DD503300F73A3D /* View */ = {
			isa = PBXGroup;
			children = (
				467ECE5D25DD503D00F73A3D /* FeedCell.swift */,
				467ECE8425DE45F400F73A3D /* CustomTextField.swift */,
				467ECE9025DE7C9200F73A3D /* ProfileCommentCell.swift */,
			);
			path = View;
			sourceTree = "<group>";
		};
		467ECE9C25DE9B0500F73A3D /* Model */ = {
			isa = PBXGroup;
			children = (
				467ECE9D25DE9B1000F73A3D /* User.swift */,
				466CDD8125E4E06600950597 /* Post.swift */,
				466CDDED25E6116D00950597 /* Comment.swift */,
			);
			path = Model;
			sourceTree = "<group>";
		};
		467ECEA025DE9B9200F73A3D /* API */ = {
			isa = PBXGroup;
			children = (
				467ECEA125DE9BA800F73A3D /* AuthService.swift */,
				466CDD7B25E4977A00950597 /* UserService.swift */,
				466CDD7E25E4DEA600950597 /* PostService.swift */,
				466CDDF025E6128C00950597 /* CommnetService.swift */,
			);
			path = API;
			sourceTree = "<group>";
		};
		D2658C2CE30FCB4ABFE13A23 /* Frameworks */ = {
			isa = PBXGroup;
			children = (
				BF0231D7BF6E0D4C05E9CBAA /* Pods_FantasticDuo.framework */,
			);
			name = Frameworks;
			sourceTree = "<group>";
		};
/* End PBXGroup section */

/* Begin PBXNativeTarget section */
		467ECE0225DD439500F73A3D /* FantasticDuo */ = {
			isa = PBXNativeTarget;
			buildConfigurationList = 467ECE1725DD439C00F73A3D /* Build configuration list for PBXNativeTarget "FantasticDuo" */;
			buildPhases = (
				3D0E87452EA581BEF222C13E /* [CP] Check Pods Manifest.lock */,
				467ECDFF25DD439500F73A3D /* Sources */,
				467ECE0025DD439500F73A3D /* Frameworks */,
				467ECE0125DD439500F73A3D /* Resources */,
				4B17673C5F3F262E8E7AB6D1 /* [CP] Embed Pods Frameworks */,
				0B7C7C32A667DC3EA48AAFB8 /* [CP] Copy Pods Resources */,
			);
			buildRules = (
			);
			dependencies = (
			);
			name = FantasticDuo;
			packageProductDependencies = (
				467ECE8925DE4C4100F73A3D /* IQKeyboardManagerSwift */,
				466CDDF725E641D400950597 /* BetterSegmentedControl */,
			);
			productName = FantasticDuo;
			productReference = 467ECE0325DD439500F73A3D /* FantasticDuo.app */;
			productType = "com.apple.product-type.application";
		};
/* End PBXNativeTarget section */

/* Begin PBXProject section */
		467ECDFB25DD439500F73A3D /* Project object */ = {
			isa = PBXProject;
			attributes = {
				LastSwiftUpdateCheck = 1240;
				LastUpgradeCheck = 1240;
				TargetAttributes = {
					467ECE0225DD439500F73A3D = {
						CreatedOnToolsVersion = 12.4;
					};
				};
			};
			buildConfigurationList = 467ECDFE25DD439500F73A3D /* Build configuration list for PBXProject "FantasticDuo" */;
			compatibilityVersion = "Xcode 9.3";
			developmentRegion = en;
			hasScannedForEncodings = 0;
			knownRegions = (
				en,
				Base,
			);
			mainGroup = 467ECDFA25DD439500F73A3D;
			packageReferences = (
				467ECE8825DE4C4100F73A3D /* XCRemoteSwiftPackageReference "IQKeyboardManager" */,
				466CDDF625E641D400950597 /* XCRemoteSwiftPackageReference "BetterSegmentedControl" */,
			);
			productRefGroup = 467ECE0425DD439500F73A3D /* Products */;
			projectDirPath = "";
			projectRoot = "";
			targets = (
				467ECE0225DD439500F73A3D /* FantasticDuo */,
			);
		};
/* End PBXProject section */

/* Begin PBXResourcesBuildPhase section */
		467ECE0125DD439500F73A3D /* Resources */ = {
			isa = PBXResourcesBuildPhase;
			buildActionMask = 2147483647;
			files = (
				467ECE1325DD439C00F73A3D /* LaunchScreen.storyboard in Resources */,
				467ECE5A25DD4D5600F73A3D /* GoogleService-Info.plist in Resources */,
				467ECE1025DD439C00F73A3D /* Assets.xcassets in Resources */,
				467ECE0E25DD439500F73A3D /* Main.storyboard in Resources */,
				467ECE8D25DE5B2900F73A3D /* riot.txt in Resources */,
			);
			runOnlyForDeploymentPostprocessing = 0;
		};
/* End PBXResourcesBuildPhase section */

/* Begin PBXShellScriptBuildPhase section */
		0B7C7C32A667DC3EA48AAFB8 /* [CP] Copy Pods Resources */ = {
			isa = PBXShellScriptBuildPhase;
			buildActionMask = 2147483647;
			files = (
			);
			inputFileListPaths = (
				"${PODS_ROOT}/Target Support Files/Pods-FantasticDuo/Pods-FantasticDuo-resources-${CONFIGURATION}-input-files.xcfilelist",
			);
			name = "[CP] Copy Pods Resources";
			outputFileListPaths = (
				"${PODS_ROOT}/Target Support Files/Pods-FantasticDuo/Pods-FantasticDuo-resources-${CONFIGURATION}-output-files.xcfilelist",
			);
			runOnlyForDeploymentPostprocessing = 0;
			shellPath = /bin/sh;
			shellScript = "\"${PODS_ROOT}/Target Support Files/Pods-FantasticDuo/Pods-FantasticDuo-resources.sh\"\n";
			showEnvVarsInLog = 0;
		};
		3D0E87452EA581BEF222C13E /* [CP] Check Pods Manifest.lock */ = {
			isa = PBXShellScriptBuildPhase;
			buildActionMask = 2147483647;
			files = (
			);
			inputFileListPaths = (
			);
			inputPaths = (
				"${PODS_PODFILE_DIR_PATH}/Podfile.lock",
				"${PODS_ROOT}/Manifest.lock",
			);
			name = "[CP] Check Pods Manifest.lock";
			outputFileListPaths = (
			);
			outputPaths = (
				"$(DERIVED_FILE_DIR)/Pods-FantasticDuo-checkManifestLockResult.txt",
			);
			runOnlyForDeploymentPostprocessing = 0;
			shellPath = /bin/sh;
			shellScript = "diff \"${PODS_PODFILE_DIR_PATH}/Podfile.lock\" \"${PODS_ROOT}/Manifest.lock\" > /dev/null\nif [ $? != 0 ] ; then\n    # print error to STDERR\n    echo \"error: The sandbox is not in sync with the Podfile.lock. Run 'pod install' or update your CocoaPods installation.\" >&2\n    exit 1\nfi\n# This output is used by Xcode 'outputs' to avoid re-running this script phase.\necho \"SUCCESS\" > \"${SCRIPT_OUTPUT_FILE_0}\"\n";
			showEnvVarsInLog = 0;
		};
		4B17673C5F3F262E8E7AB6D1 /* [CP] Embed Pods Frameworks */ = {
			isa = PBXShellScriptBuildPhase;
			buildActionMask = 2147483647;
			files = (
			);
			inputFileListPaths = (
				"${PODS_ROOT}/Target Support Files/Pods-FantasticDuo/Pods-FantasticDuo-frameworks-${CONFIGURATION}-input-files.xcfilelist",
			);
			name = "[CP] Embed Pods Frameworks";
			outputFileListPaths = (
				"${PODS_ROOT}/Target Support Files/Pods-FantasticDuo/Pods-FantasticDuo-frameworks-${CONFIGURATION}-output-files.xcfilelist",
			);
			runOnlyForDeploymentPostprocessing = 0;
			shellPath = /bin/sh;
			shellScript = "\"${PODS_ROOT}/Target Support Files/Pods-FantasticDuo/Pods-FantasticDuo-frameworks.sh\"\n";
			showEnvVarsInLog = 0;
		};
/* End PBXShellScriptBuildPhase section */

/* Begin PBXSourcesBuildPhase section */
		467ECDFF25DD439500F73A3D /* Sources */ = {
			isa = PBXSourcesBuildPhase;
			buildActionMask = 2147483647;
			files = (
				466CDDF425E6363200950597 /* PostViewModel.swift in Sources */,
				467ECE5225DD4B9300F73A3D /* WriteController.swift in Sources */,
				467ECE9525DE8A5C00F73A3D /* LoginController.swift in Sources */,
				466CDDFB25E66EE300950597 /* CommentViewModel.swift in Sources */,
				467ECE8525DE45F400F73A3D /* CustomTextField.swift in Sources */,
				466CDD8925E5203B00950597 /* PostDetailViewController.swift in Sources */,
				467ECE4A25DD45BC00F73A3D /* Extensions.swift in Sources */,
				467ECE4F25DD49BB00F73A3D /* FeedController.swift in Sources */,
				467ECE9125DE7C9200F73A3D /* ProfileCommentCell.swift in Sources */,
				466CDD7925E48FE300950597 /* AuthenticationViewModel.swift in Sources */,
				467ECE9E25DE9B1000F73A3D /* User.swift in Sources */,
				466CDDEE25E6116D00950597 /* Comment.swift in Sources */,
				467ECEA525DE9D1C00F73A3D /* Constants.swift in Sources */,
				466CDDF125E6128C00950597 /* CommnetService.swift in Sources */,
				467ECE0B25DD439500F73A3D /* ViewController.swift in Sources */,
				467ECE0725DD439500F73A3D /* AppDelegate.swift in Sources */,
				467ECE1C25DD443400F73A3D /* MainTabController.swift in Sources */,
				466CDD8225E4E06600950597 /* Post.swift in Sources */,
				466CDD7C25E4977A00950597 /* UserService.swift in Sources */,
				467ECE0925DD439500F73A3D /* SceneDelegate.swift in Sources */,
				466CDD7F25E4DEA600950597 /* PostService.swift in Sources */,
				467ECE5525DD4BE100F73A3D /* ProfileController.swift in Sources */,
				467ECEA225DE9BA800F73A3D /* AuthService.swift in Sources */,
				467ECE5E25DD503D00F73A3D /* FeedCell.swift in Sources */,
				466CDDFE25E67EA500950597 /* MyPostListViewController.swift in Sources */,
				467ECE9A25DE973000F73A3D /* RegistrationController.swift in Sources */,
			);
			runOnlyForDeploymentPostprocessing = 0;
		};
/* End PBXSourcesBuildPhase section */

/* Begin PBXVariantGroup section */
		467ECE0C25DD439500F73A3D /* Main.storyboard */ = {
			isa = PBXVariantGroup;
			children = (
				467ECE0D25DD439500F73A3D /* Base */,
			);
			name = Main.storyboard;
			sourceTree = "<group>";
		};
		467ECE1125DD439C00F73A3D /* LaunchScreen.storyboard */ = {
			isa = PBXVariantGroup;
			children = (
				467ECE1225DD439C00F73A3D /* Base */,
			);
			name = LaunchScreen.storyboard;
			sourceTree = "<group>";
		};
/* End PBXVariantGroup section */

/* Begin XCBuildConfiguration section */
		467ECE1525DD439C00F73A3D /* Debug */ = {
			isa = XCBuildConfiguration;
			buildSettings = {
				ALWAYS_SEARCH_USER_PATHS = NO;
				CLANG_ANALYZER_NONNULL = YES;
				CLANG_ANALYZER_NUMBER_OBJECT_CONVERSION = YES_AGGRESSIVE;
				CLANG_CXX_LANGUAGE_STANDARD = "gnu++14";
				CLANG_CXX_LIBRARY = "libc++";
				CLANG_ENABLE_MODULES = YES;
				CLANG_ENABLE_OBJC_ARC = YES;
				CLANG_ENABLE_OBJC_WEAK = YES;
				CLANG_WARN_BLOCK_CAPTURE_AUTORELEASING = YES;
				CLANG_WARN_BOOL_CONVERSION = YES;
				CLANG_WARN_COMMA = YES;
				CLANG_WARN_CONSTANT_CONVERSION = YES;
				CLANG_WARN_DEPRECATED_OBJC_IMPLEMENTATIONS = YES;
				CLANG_WARN_DIRECT_OBJC_ISA_USAGE = YES_ERROR;
				CLANG_WARN_DOCUMENTATION_COMMENTS = YES;
				CLANG_WARN_EMPTY_BODY = YES;
				CLANG_WARN_ENUM_CONVERSION = YES;
				CLANG_WARN_INFINITE_RECURSION = YES;
				CLANG_WARN_INT_CONVERSION = YES;
				CLANG_WARN_NON_LITERAL_NULL_CONVERSION = YES;
				CLANG_WARN_OBJC_IMPLICIT_RETAIN_SELF = YES;
				CLANG_WARN_OBJC_LITERAL_CONVERSION = YES;
				CLANG_WARN_OBJC_ROOT_CLASS = YES_ERROR;
				CLANG_WARN_QUOTED_INCLUDE_IN_FRAMEWORK_HEADER = YES;
				CLANG_WARN_RANGE_LOOP_ANALYSIS = YES;
				CLANG_WARN_STRICT_PROTOTYPES = YES;
				CLANG_WARN_SUSPICIOUS_MOVE = YES;
				CLANG_WARN_UNGUARDED_AVAILABILITY = YES_AGGRESSIVE;
				CLANG_WARN_UNREACHABLE_CODE = YES;
				CLANG_WARN__DUPLICATE_METHOD_MATCH = YES;
				COPY_PHASE_STRIP = NO;
				DEBUG_INFORMATION_FORMAT = dwarf;
				ENABLE_STRICT_OBJC_MSGSEND = YES;
				ENABLE_TESTABILITY = YES;
				GCC_C_LANGUAGE_STANDARD = gnu11;
				GCC_DYNAMIC_NO_PIC = NO;
				GCC_NO_COMMON_BLOCKS = YES;
				GCC_OPTIMIZATION_LEVEL = 0;
				GCC_PREPROCESSOR_DEFINITIONS = (
					"DEBUG=1",
					"$(inherited)",
				);
				GCC_WARN_64_TO_32_BIT_CONVERSION = YES;
				GCC_WARN_ABOUT_RETURN_TYPE = YES_ERROR;
				GCC_WARN_UNDECLARED_SELECTOR = YES;
				GCC_WARN_UNINITIALIZED_AUTOS = YES_AGGRESSIVE;
				GCC_WARN_UNUSED_FUNCTION = YES;
				GCC_WARN_UNUSED_VARIABLE = YES;
				IPHONEOS_DEPLOYMENT_TARGET = 14.4;
				MTL_ENABLE_DEBUG_INFO = INCLUDE_SOURCE;
				MTL_FAST_MATH = YES;
				ONLY_ACTIVE_ARCH = YES;
				SDKROOT = iphoneos;
				SWIFT_ACTIVE_COMPILATION_CONDITIONS = DEBUG;
				SWIFT_OPTIMIZATION_LEVEL = "-Onone";
			};
			name = Debug;
		};
		467ECE1625DD439C00F73A3D /* Release */ = {
			isa = XCBuildConfiguration;
			buildSettings = {
				ALWAYS_SEARCH_USER_PATHS = NO;
				CLANG_ANALYZER_NONNULL = YES;
				CLANG_ANALYZER_NUMBER_OBJECT_CONVERSION = YES_AGGRESSIVE;
				CLANG_CXX_LANGUAGE_STANDARD = "gnu++14";
				CLANG_CXX_LIBRARY = "libc++";
				CLANG_ENABLE_MODULES = YES;
				CLANG_ENABLE_OBJC_ARC = YES;
				CLANG_ENABLE_OBJC_WEAK = YES;
				CLANG_WARN_BLOCK_CAPTURE_AUTORELEASING = YES;
				CLANG_WARN_BOOL_CONVERSION = YES;
				CLANG_WARN_COMMA = YES;
				CLANG_WARN_CONSTANT_CONVERSION = YES;
				CLANG_WARN_DEPRECATED_OBJC_IMPLEMENTATIONS = YES;
				CLANG_WARN_DIRECT_OBJC_ISA_USAGE = YES_ERROR;
				CLANG_WARN_DOCUMENTATION_COMMENTS = YES;
				CLANG_WARN_EMPTY_BODY = YES;
				CLANG_WARN_ENUM_CONVERSION = YES;
				CLANG_WARN_INFINITE_RECURSION = YES;
				CLANG_WARN_INT_CONVERSION = YES;
				CLANG_WARN_NON_LITERAL_NULL_CONVERSION = YES;
				CLANG_WARN_OBJC_IMPLICIT_RETAIN_SELF = YES;
				CLANG_WARN_OBJC_LITERAL_CONVERSION = YES;
				CLANG_WARN_OBJC_ROOT_CLASS = YES_ERROR;
				CLANG_WARN_QUOTED_INCLUDE_IN_FRAMEWORK_HEADER = YES;
				CLANG_WARN_RANGE_LOOP_ANALYSIS = YES;
				CLANG_WARN_STRICT_PROTOTYPES = YES;
				CLANG_WARN_SUSPICIOUS_MOVE = YES;
				CLANG_WARN_UNGUARDED_AVAILABILITY = YES_AGGRESSIVE;
				CLANG_WARN_UNREACHABLE_CODE = YES;
				CLANG_WARN__DUPLICATE_METHOD_MATCH = YES;
				COPY_PHASE_STRIP = NO;
				DEBUG_INFORMATION_FORMAT = "dwarf-with-dsym";
				ENABLE_NS_ASSERTIONS = NO;
				ENABLE_STRICT_OBJC_MSGSEND = YES;
				GCC_C_LANGUAGE_STANDARD = gnu11;
				GCC_NO_COMMON_BLOCKS = YES;
				GCC_WARN_64_TO_32_BIT_CONVERSION = YES;
				GCC_WARN_ABOUT_RETURN_TYPE = YES_ERROR;
				GCC_WARN_UNDECLARED_SELECTOR = YES;
				GCC_WARN_UNINITIALIZED_AUTOS = YES_AGGRESSIVE;
				GCC_WARN_UNUSED_FUNCTION = YES;
				GCC_WARN_UNUSED_VARIABLE = YES;
				IPHONEOS_DEPLOYMENT_TARGET = 14.4;
				MTL_ENABLE_DEBUG_INFO = NO;
				MTL_FAST_MATH = YES;
				SDKROOT = iphoneos;
				SWIFT_COMPILATION_MODE = wholemodule;
				SWIFT_OPTIMIZATION_LEVEL = "-O";
				VALIDATE_PRODUCT = YES;
			};
			name = Release;
		};
		467ECE1825DD439C00F73A3D /* Debug */ = {
			isa = XCBuildConfiguration;
			baseConfigurationReference = DB58062EF1CC2A2D4BB9F960 /* Pods-FantasticDuo.debug.xcconfig */;
			buildSettings = {
				ASSETCATALOG_COMPILER_APPICON_NAME = AppIcon;
				ASSETCATALOG_COMPILER_GLOBAL_ACCENT_COLOR_NAME = AccentColor;
				CODE_SIGN_ENTITLEMENTS = FantasticDuo/FantasticDuo.entitlements;
				CODE_SIGN_STYLE = Automatic;
				DEVELOPMENT_TEAM = TR28HNY8VK;
				INFOPLIST_FILE = FantasticDuo/Info.plist;
				IPHONEOS_DEPLOYMENT_TARGET = 13.0;
				LD_RUNPATH_SEARCH_PATHS = (
					"$(inherited)",
					"@executable_path/Frameworks",
				);
				PRODUCT_BUNDLE_IDENTIFIER = "dev-geeyong484.FantasticDuo";
				PRODUCT_NAME = "$(TARGET_NAME)";
				SWIFT_VERSION = 5.0;
				TARGETED_DEVICE_FAMILY = 1;
			};
			name = Debug;
		};
		467ECE1925DD439C00F73A3D /* Release */ = {
			isa = XCBuildConfiguration;
			baseConfigurationReference = 5633152C88D1140DD7016BDC /* Pods-FantasticDuo.release.xcconfig */;
			buildSettings = {
				ASSETCATALOG_COMPILER_APPICON_NAME = AppIcon;
				ASSETCATALOG_COMPILER_GLOBAL_ACCENT_COLOR_NAME = AccentColor;
				CODE_SIGN_ENTITLEMENTS = FantasticDuo/FantasticDuo.entitlements;
				CODE_SIGN_STYLE = Automatic;
				DEVELOPMENT_TEAM = TR28HNY8VK;
				INFOPLIST_FILE = FantasticDuo/Info.plist;
				IPHONEOS_DEPLOYMENT_TARGET = 13.0;
				LD_RUNPATH_SEARCH_PATHS = (
					"$(inherited)",
					"@executable_path/Frameworks",
				);
				PRODUCT_BUNDLE_IDENTIFIER = "dev-geeyong484.FantasticDuo";
				PRODUCT_NAME = "$(TARGET_NAME)";
				SWIFT_VERSION = 5.0;
				TARGETED_DEVICE_FAMILY = 1;
			};
			name = Release;
		};
/* End XCBuildConfiguration section */

/* Begin XCConfigurationList section */
		467ECDFE25DD439500F73A3D /* Build configuration list for PBXProject "FantasticDuo" */ = {
			isa = XCConfigurationList;
			buildConfigurations = (
				467ECE1525DD439C00F73A3D /* Debug */,
				467ECE1625DD439C00F73A3D /* Release */,
			);
			defaultConfigurationIsVisible = 0;
			defaultConfigurationName = Release;
		};
		467ECE1725DD439C00F73A3D /* Build configuration list for PBXNativeTarget "FantasticDuo" */ = {
			isa = XCConfigurationList;
			buildConfigurations = (
				467ECE1825DD439C00F73A3D /* Debug */,
				467ECE1925DD439C00F73A3D /* Release */,
			);
			defaultConfigurationIsVisible = 0;
			defaultConfigurationName = Release;
		};
/* End XCConfigurationList section */

/* Begin XCRemoteSwiftPackageReference section */
		466CDDF625E641D400950597 /* XCRemoteSwiftPackageReference "BetterSegmentedControl" */ = {
			isa = XCRemoteSwiftPackageReference;
			repositoryURL = "https://github.com/gmarm/BetterSegmentedControl";
			requirement = {
				kind = upToNextMajorVersion;
				minimumVersion = 2.0.1;
			};
		};
		467ECE8825DE4C4100F73A3D /* XCRemoteSwiftPackageReference "IQKeyboardManager" */ = {
			isa = XCRemoteSwiftPackageReference;
			repositoryURL = "https://github.com/hackiftekhar/IQKeyboardManager";
			requirement = {
				kind = upToNextMajorVersion;
				minimumVersion = 6.5.6;
			};
		};
/* End XCRemoteSwiftPackageReference section */

/* Begin XCSwiftPackageProductDependency section */
		466CDDF725E641D400950597 /* BetterSegmentedControl */ = {
			isa = XCSwiftPackageProductDependency;
			package = 466CDDF625E641D400950597 /* XCRemoteSwiftPackageReference "BetterSegmentedControl" */;
			productName = BetterSegmentedControl;
		};
		467ECE8925DE4C4100F73A3D /* IQKeyboardManagerSwift */ = {
			isa = XCSwiftPackageProductDependency;
			package = 467ECE8825DE4C4100F73A3D /* XCRemoteSwiftPackageReference "IQKeyboardManager" */;
			productName = IQKeyboardManagerSwift;
		};
/* End XCSwiftPackageProductDependency section */
	};
	rootObject = 467ECDFB25DD439500F73A3D /* Project object */;
}
